
Microsoft Visual Studio Solution File, Format Version 12.00
# Visual Studio Version 16
VisualStudioVersion = 16.0.30907.101
MinimumVisualStudioVersion = 10.0.40219.1
Project("{FAE04EC0-301F-11D3-BF4B-00C04F79EFBC}") = "MyCalendar.UI", "MyCalendar\MyCalendar.UI.csproj", "{03410511-69D0-41A5-AE61-2AB10E180432}"
EndProject
Project("{FAE04EC0-301F-11D3-BF4B-00C04F79EFBC}") = "MyCalendar.Business", "MyCalendar.Business\MyCalendar.Business.csproj", "{4775915B-B1B0-40AE-A02D-278F145EC81E}"
EndProject
Project("{FAE04EC0-301F-11D3-BF4B-00C04F79EFBC}") = "MyCalendar.Core", "MyCalendar.Core\MyCalendar.Core.csproj", "{317677D6-5AD0-4A19-A2A8-15F216D1C7EF}"
EndProject
Project("{FAE04EC0-301F-11D3-BF4B-00C04F79EFBC}") = "MyCalendar.Data", "MyCalendar.Data\MyCalendar.Data.csproj", "{7F64DF8C-3316-4188-92FC-3329F214106A}"
EndProject
Global
	GlobalSection(SolutionConfigurationPlatforms) = preSolution
		Debug|Any CPU = Debug|Any CPU
		Release|Any CPU = Release|Any CPU
	EndGlobalSection
	GlobalSection(ProjectConfigurationPlatforms) = postSolution
		{03410511-69D0-41A5-AE61-2AB10E180432}.Debug|Any CPU.ActiveCfg = Debug|Any CPU
		{03410511-69D0-41A5-AE61-2AB10E180432}.Debug|Any CPU.Build.0 = Debug|Any CPU
		{03410511-69D0-41A5-AE61-2AB10E180432}.Release|Any CPU.ActiveCfg = Release|Any CPU
		{03410511-69D0-41A5-AE61-2AB10E180432}.Release|Any CPU.Build.0 = Release|Any CPU
		{4775915B-B1B0-40AE-A02D-278F145EC81E}.Debug|Any CPU.ActiveCfg = Debug|Any CPU
		{4775915B-B1B0-40AE-A02D-278F145EC81E}.Debug|Any CPU.Build.0 = Debug|Any CPU
		{4775915B-B1B0-40AE-A02D-278F145EC81E}.Release|Any CPU.ActiveCfg = Release|Any CPU
		{4775915B-B1B0-40AE-A02D-278F145EC81E}.Release|Any CPU.Build.0 = Release|Any CPU
		{317677D6-5AD0-4A19-A2A8-15F216D1C7EF}.Debug|Any CPU.ActiveCfg = Debug|Any CPU
		{317677D6-5AD0-4A19-A2A8-15F216D1C7EF}.Debug|Any CPU.Build.0 = Debug|Any CPU
		{317677D6-5AD0-4A19-A2A8-15F216D1C7EF}.Release|Any CPU.ActiveCfg = Release|Any CPU
		{317677D6-5AD0-4A19-A2A8-15F216D1C7EF}.Release|Any CPU.Build.0 = Release|Any CPU
		{7F64DF8C-3316-4188-92FC-3329F214106A}.Debug|Any CPU.ActiveCfg = Debug|Any CPU
		{7F64DF8C-3316-4188-92FC-3329F214106A}.Debug|Any CPU.Build.0 = Debug|Any CPU
		{7F64DF8C-3316-4188-92FC-3329F214106A}.Release|Any CPU.ActiveCfg = Release|Any CPU
		{7F64DF8C-3316-4188-92FC-3329F214106A}.Release|Any CPU.Build.0 = Release|Any CPU
	EndGlobalSection
	GlobalSection(SolutionProperties) = preSolution
		HideSolutionNode = FALSE
	EndGlobalSection
	GlobalSection(ExtensibilityGlobals) = postSolution
		SolutionGuid = {7BE1487A-EF54-4E77-97A9-1121A8E40F59}
	EndGlobalSection
EndGlobal
